// !$*UTF8*$!
{
	archiveVersion = 1;
	classes = {
	};
	objectVersion = 46;
	objects = {

/* Begin PBXBuildFile section */
		66B9D2851A8D5FDE00CAC341 /* PerformanceBezier.h in CopyFiles */ = {isa = PBXBuildFile; fileRef = 66B9D2841A8D5FDE00CAC341 /* PerformanceBezier.h */; };
		66B9D28D1A8D5FDF00CAC341 /* libPerformanceBezier.a in Frameworks */ = {isa = PBXBuildFile; fileRef = 66B9D2821A8D5FDE00CAC341 /* libPerformanceBezier.a */; };
		66B9D29C1A8D603900CAC341 /* JRSwizzle.m in Sources */ = {isa = PBXBuildFile; fileRef = 667617D41A7EB9AC00C0B447 /* JRSwizzle.m */; };
		66B9D29D1A8D603B00CAC341 /* UIBezierPathProperties.m in Sources */ = {isa = PBXBuildFile; fileRef = 667617B81A7EB73A00C0B447 /* UIBezierPathProperties.m */; settings = {COMPILER_FLAGS = "-fno-objc-arc"; }; };
		66B9D29E1A8D603C00CAC341 /* UIBezierPath+FirstLast.m in Sources */ = {isa = PBXBuildFile; fileRef = 667617FB1A7EC5D400C0B447 /* UIBezierPath+FirstLast.m */; };
		66B9D29F1A8D603E00CAC341 /* UIBezierPath+Center.m in Sources */ = {isa = PBXBuildFile; fileRef = 660E0FD81A80055300F19D8A /* UIBezierPath+Center.m */; };
		66B9D2A01A8D604000CAC341 /* UIBezierPath+Clockwise.m in Sources */ = {isa = PBXBuildFile; fileRef = 667617D01A7EB88200C0B447 /* UIBezierPath+Clockwise.m */; };
		66B9D2A11A8D604500CAC341 /* UIBezierPath+Equals.m in Sources */ = {isa = PBXBuildFile; fileRef = 667617CC1A7EB86200C0B447 /* UIBezierPath+Equals.m */; };
		66B9D2A21A8D604700CAC341 /* UIBezierPath+Description.m in Sources */ = {isa = PBXBuildFile; fileRef = 663355CC1A8575F600C45718 /* UIBezierPath+Description.m */; };
		66B9D2A31A8D604900CAC341 /* UIBezierPath+NSOSX.m in Sources */ = {isa = PBXBuildFile; fileRef = 667617C11A7EB79F00C0B447 /* UIBezierPath+NSOSX.m */; settings = {COMPILER_FLAGS = "-fno-objc-arc"; }; };
		66B9D2A41A8D604B00CAC341 /* UIBezierPath+Performance.m in Sources */ = {isa = PBXBuildFile; fileRef = 667617F61A7EC58700C0B447 /* UIBezierPath+Performance.m */; settings = {COMPILER_FLAGS = "-fno-objc-arc"; }; };
		66B9D2A51A8D604C00CAC341 /* UIBezierPath+Uncached.m in Sources */ = {isa = PBXBuildFile; fileRef = 663355D61A857A2700C45718 /* UIBezierPath+Uncached.m */; };
		66B9D2A61A8D609200CAC341 /* PerformanceBezierAbstractTest.m in Sources */ = {isa = PBXBuildFile; fileRef = 66D4021F1A7EDACA00043802 /* PerformanceBezierAbstractTest.m */; };
		66B9D2A71A8D609300CAC341 /* PerformanceBezierClockwiseTests.m in Sources */ = {isa = PBXBuildFile; fileRef = 66D4021C1A7EDA9000043802 /* PerformanceBezierClockwiseTests.m */; };
		66B9D2A81A8D609300CAC341 /* PerformanceBezierDescriptionTests.m in Sources */ = {isa = PBXBuildFile; fileRef = 663355CF1A85773000C45718 /* PerformanceBezierDescriptionTests.m */; };
/* End PBXBuildFile section */

/* Begin PBXContainerItemProxy section */
		66B9D28E1A8D5FDF00CAC341 /* PBXContainerItemProxy */ = {
			isa = PBXContainerItemProxy;
			containerPortal = 661B30C91A7EB43A008549C7 /* Project object */;
			proxyType = 1;
			remoteGlobalIDString = 66B9D2811A8D5FDE00CAC341;
			remoteInfo = PerformanceBezier;
		};
/* End PBXContainerItemProxy section */

/* Begin PBXCopyFilesBuildPhase section */
		66B9D2801A8D5FDE00CAC341 /* CopyFiles */ = {
			isa = PBXCopyFilesBuildPhase;
			buildActionMask = 2147483647;
			dstPath = "include/$(PRODUCT_NAME)";
			dstSubfolderSpec = 16;
			files = (
				66B9D2851A8D5FDE00CAC341 /* PerformanceBezier.h in CopyFiles */,
			);
			runOnlyForDeploymentPostprocessing = 0;
		};
/* End PBXCopyFilesBuildPhase section */

/* Begin PBXFileReference section */
		660E0FD71A80055300F19D8A /* UIBezierPath+Center.h */ = {isa = PBXFileReference; fileEncoding = 4; lastKnownFileType = sourcecode.c.h; path = "UIBezierPath+Center.h"; sourceTree = "<group>"; };
		660E0FD81A80055300F19D8A /* UIBezierPath+Center.m */ = {isa = PBXFileReference; fileEncoding = 4; lastKnownFileType = sourcecode.c.objc; path = "UIBezierPath+Center.m"; sourceTree = "<group>"; };
		660E0FDB1A80226100F19D8A /* README.md */ = {isa = PBXFileReference; lastKnownFileType = net.daringfireball.markdown; path = README.md; sourceTree = "<group>"; };
		660E0FDC1A80284C00F19D8A /* LICENSE */ = {isa = PBXFileReference; fileEncoding = 4; lastKnownFileType = text; path = LICENSE; sourceTree = "<group>"; };
		663355CB1A8575F600C45718 /* UIBezierPath+Description.h */ = {isa = PBXFileReference; fileEncoding = 4; lastKnownFileType = sourcecode.c.h; path = "UIBezierPath+Description.h"; sourceTree = "<group>"; };
		663355CC1A8575F600C45718 /* UIBezierPath+Description.m */ = {isa = PBXFileReference; fileEncoding = 4; lastKnownFileType = sourcecode.c.objc; path = "UIBezierPath+Description.m"; sourceTree = "<group>"; };
		663355CF1A85773000C45718 /* PerformanceBezierDescriptionTests.m */ = {isa = PBXFileReference; fileEncoding = 4; lastKnownFileType = sourcecode.c.objc; path = PerformanceBezierDescriptionTests.m; sourceTree = "<group>"; };
		663355D51A857A2700C45718 /* UIBezierPath+Uncached.h */ = {isa = PBXFileReference; fileEncoding = 4; lastKnownFileType = sourcecode.c.h; path = "UIBezierPath+Uncached.h"; sourceTree = "<group>"; };
		663355D61A857A2700C45718 /* UIBezierPath+Uncached.m */ = {isa = PBXFileReference; fileEncoding = 4; lastKnownFileType = sourcecode.c.objc; path = "UIBezierPath+Uncached.m"; sourceTree = "<group>"; };
		667617AF1A7EB5CB00C0B447 /* PerformanceBezier.h */ = {isa = PBXFileReference; lastKnownFileType = sourcecode.c.h; path = PerformanceBezier.h; sourceTree = "<group>"; };
		667617B71A7EB73A00C0B447 /* UIBezierPathProperties.h */ = {isa = PBXFileReference; fileEncoding = 4; lastKnownFileType = sourcecode.c.h; path = UIBezierPathProperties.h; sourceTree = "<group>"; };
		667617B81A7EB73A00C0B447 /* UIBezierPathProperties.m */ = {isa = PBXFileReference; fileEncoding = 4; lastKnownFileType = sourcecode.c.objc; path = UIBezierPathProperties.m; sourceTree = "<group>"; };
		667617BF1A7EB79F00C0B447 /* UIBezierPath+NSOSX_Private.h */ = {isa = PBXFileReference; fileEncoding = 4; lastKnownFileType = sourcecode.c.h; path = "UIBezierPath+NSOSX_Private.h"; sourceTree = "<group>"; };
		667617C01A7EB79F00C0B447 /* UIBezierPath+NSOSX.h */ = {isa = PBXFileReference; fileEncoding = 4; lastKnownFileType = sourcecode.c.h; path = "UIBezierPath+NSOSX.h"; sourceTree = "<group>"; };
		667617C11A7EB79F00C0B447 /* UIBezierPath+NSOSX.m */ = {isa = PBXFileReference; fileEncoding = 4; lastKnownFileType = sourcecode.c.objc; path = "UIBezierPath+NSOSX.m"; sourceTree = "<group>"; };
		667617CB1A7EB86200C0B447 /* UIBezierPath+Equals.h */ = {isa = PBXFileReference; fileEncoding = 4; lastKnownFileType = sourcecode.c.h; path = "UIBezierPath+Equals.h"; sourceTree = "<group>"; };
		667617CC1A7EB86200C0B447 /* UIBezierPath+Equals.m */ = {isa = PBXFileReference; fileEncoding = 4; lastKnownFileType = sourcecode.c.objc; path = "UIBezierPath+Equals.m"; sourceTree = "<group>"; };
		667617CF1A7EB88200C0B447 /* UIBezierPath+Clockwise.h */ = {isa = PBXFileReference; fileEncoding = 4; lastKnownFileType = sourcecode.c.h; path = "UIBezierPath+Clockwise.h"; sourceTree = "<group>"; };
		667617D01A7EB88200C0B447 /* UIBezierPath+Clockwise.m */ = {isa = PBXFileReference; fileEncoding = 4; lastKnownFileType = sourcecode.c.objc; path = "UIBezierPath+Clockwise.m"; sourceTree = "<group>"; };
		667617D31A7EB9AC00C0B447 /* JRSwizzle.h */ = {isa = PBXFileReference; fileEncoding = 4; lastKnownFileType = sourcecode.c.h; path = JRSwizzle.h; sourceTree = "<group>"; };
		667617D41A7EB9AC00C0B447 /* JRSwizzle.m */ = {isa = PBXFileReference; fileEncoding = 4; lastKnownFileType = sourcecode.c.objc; path = JRSwizzle.m; sourceTree = "<group>"; };
		667617F41A7EC58700C0B447 /* UIBezierPath+Performance.h */ = {isa = PBXFileReference; fileEncoding = 4; lastKnownFileType = sourcecode.c.h; path = "UIBezierPath+Performance.h"; sourceTree = "<group>"; };
		667617F51A7EC58700C0B447 /* UIBezierPath+Performance_Private.h */ = {isa = PBXFileReference; fileEncoding = 4; lastKnownFileType = sourcecode.c.h; path = "UIBezierPath+Performance_Private.h"; sourceTree = "<group>"; };
		667617F61A7EC58700C0B447 /* UIBezierPath+Performance.m */ = {isa = PBXFileReference; fileEncoding = 4; lastKnownFileType = sourcecode.c.objc; path = "UIBezierPath+Performance.m"; sourceTree = "<group>"; };
		667617FA1A7EC5D400C0B447 /* UIBezierPath+FirstLast.h */ = {isa = PBXFileReference; fileEncoding = 4; lastKnownFileType = sourcecode.c.h; path = "UIBezierPath+FirstLast.h"; sourceTree = "<group>"; };
		667617FB1A7EC5D400C0B447 /* UIBezierPath+FirstLast.m */ = {isa = PBXFileReference; fileEncoding = 4; lastKnownFileType = sourcecode.c.objc; path = "UIBezierPath+FirstLast.m"; sourceTree = "<group>"; };
		66B9D2821A8D5FDE00CAC341 /* libPerformanceBezier.a */ = {isa = PBXFileReference; explicitFileType = archive.ar; includeInIndex = 0; path = libPerformanceBezier.a; sourceTree = BUILT_PRODUCTS_DIR; };
		66B9D2841A8D5FDE00CAC341 /* PerformanceBezier.h */ = {isa = PBXFileReference; lastKnownFileType = sourcecode.c.h; path = PerformanceBezier.h; sourceTree = "<group>"; };
		66B9D28C1A8D5FDE00CAC341 /* PerformanceBezierTests.xctest */ = {isa = PBXFileReference; explicitFileType = wrapper.cfbundle; includeInIndex = 0; path = PerformanceBezierTests.xctest; sourceTree = BUILT_PRODUCTS_DIR; };
		66B9D2921A8D5FDF00CAC341 /* Info.plist */ = {isa = PBXFileReference; lastKnownFileType = text.plist.xml; path = Info.plist; sourceTree = "<group>"; };
		66D4021C1A7EDA9000043802 /* PerformanceBezierClockwiseTests.m */ = {isa = PBXFileReference; fileEncoding = 4; lastKnownFileType = sourcecode.c.objc; path = PerformanceBezierClockwiseTests.m; sourceTree = "<group>"; };
		66D4021E1A7EDACA00043802 /* PerformanceBezierAbstractTest.h */ = {isa = PBXFileReference; fileEncoding = 4; lastKnownFileType = sourcecode.c.h; path = PerformanceBezierAbstractTest.h; sourceTree = "<group>"; };
		66D4021F1A7EDACA00043802 /* PerformanceBezierAbstractTest.m */ = {isa = PBXFileReference; fileEncoding = 4; lastKnownFileType = sourcecode.c.objc; path = PerformanceBezierAbstractTest.m; sourceTree = "<group>"; };
/* End PBXFileReference section */

/* Begin PBXFrameworksBuildPhase section */
		66B9D27F1A8D5FDE00CAC341 /* Frameworks */ = {
			isa = PBXFrameworksBuildPhase;
			buildActionMask = 2147483647;
			files = (
			);
			runOnlyForDeploymentPostprocessing = 0;
		};
		66B9D2891A8D5FDE00CAC341 /* Frameworks */ = {
			isa = PBXFrameworksBuildPhase;
			buildActionMask = 2147483647;
			files = (
				66B9D28D1A8D5FDF00CAC341 /* libPerformanceBezier.a in Frameworks */,
			);
			runOnlyForDeploymentPostprocessing = 0;
		};
/* End PBXFrameworksBuildPhase section */

/* Begin PBXGroup section */
		661B30C81A7EB43A008549C7 = {
			isa = PBXGroup;
			children = (
				660E0FDB1A80226100F19D8A /* README.md */,
				660E0FDC1A80284C00F19D8A /* LICENSE */,
				66B9D2831A8D5FDE00CAC341 /* PerformanceBezier */,
				66B9D2901A8D5FDF00CAC341 /* PerformanceBezierTests */,
				667617871A7EB50A00C0B447 /* Products */,
			);
			sourceTree = "<group>";
		};
		667617871A7EB50A00C0B447 /* Products */ = {
			isa = PBXGroup;
			children = (
				66B9D2821A8D5FDE00CAC341 /* libPerformanceBezier.a */,
				66B9D28C1A8D5FDE00CAC341 /* PerformanceBezierTests.xctest */,
			);
			name = Products;
			sourceTree = "<group>";
		};
		667617B61A7EB72F00C0B447 /* Categories */ = {
			isa = PBXGroup;
			children = (
				660E0FD71A80055300F19D8A /* UIBezierPath+Center.h */,
				660E0FD81A80055300F19D8A /* UIBezierPath+Center.m */,
				667617CF1A7EB88200C0B447 /* UIBezierPath+Clockwise.h */,
				667617D01A7EB88200C0B447 /* UIBezierPath+Clockwise.m */,
				667617CB1A7EB86200C0B447 /* UIBezierPath+Equals.h */,
				667617CC1A7EB86200C0B447 /* UIBezierPath+Equals.m */,
				663355CB1A8575F600C45718 /* UIBezierPath+Description.h */,
				663355CC1A8575F600C45718 /* UIBezierPath+Description.m */,
				667617C01A7EB79F00C0B447 /* UIBezierPath+NSOSX.h */,
				667617C11A7EB79F00C0B447 /* UIBezierPath+NSOSX.m */,
				667617F41A7EC58700C0B447 /* UIBezierPath+Performance.h */,
				667617F61A7EC58700C0B447 /* UIBezierPath+Performance.m */,
				663355D51A857A2700C45718 /* UIBezierPath+Uncached.h */,
				663355D61A857A2700C45718 /* UIBezierPath+Uncached.m */,
			);
			name = Categories;
			sourceTree = "<group>";
		};
		667617DB1A7EB9B000C0B447 /* Protected */ = {
			isa = PBXGroup;
			children = (
				667617D31A7EB9AC00C0B447 /* JRSwizzle.h */,
				667617D41A7EB9AC00C0B447 /* JRSwizzle.m */,
				667617B71A7EB73A00C0B447 /* UIBezierPathProperties.h */,
				667617B81A7EB73A00C0B447 /* UIBezierPathProperties.m */,
				667617FA1A7EC5D400C0B447 /* UIBezierPath+FirstLast.h */,
				667617FB1A7EC5D400C0B447 /* UIBezierPath+FirstLast.m */,
				667617BF1A7EB79F00C0B447 /* UIBezierPath+NSOSX_Private.h */,
				667617F51A7EC58700C0B447 /* UIBezierPath+Performance_Private.h */,
			);
			name = Protected;
			sourceTree = "<group>";
		};
		66B9D2831A8D5FDE00CAC341 /* PerformanceBezier */ = {
			isa = PBXGroup;
			children = (
				667617AF1A7EB5CB00C0B447 /* PerformanceBezier.h */,
				667617DB1A7EB9B000C0B447 /* Protected */,
				667617B61A7EB72F00C0B447 /* Categories */,
				66B9D2841A8D5FDE00CAC341 /* PerformanceBezier.h */,
			);
			path = PerformanceBezier;
			sourceTree = "<group>";
		};
		66B9D2901A8D5FDF00CAC341 /* PerformanceBezierTests */ = {
			isa = PBXGroup;
			children = (
				66D4021E1A7EDACA00043802 /* PerformanceBezierAbstractTest.h */,
				66D4021F1A7EDACA00043802 /* PerformanceBezierAbstractTest.m */,
				66D4021C1A7EDA9000043802 /* PerformanceBezierClockwiseTests.m */,
				663355CF1A85773000C45718 /* PerformanceBezierDescriptionTests.m */,
				66B9D2911A8D5FDF00CAC341 /* Supporting Files */,
			);
			path = PerformanceBezierTests;
			sourceTree = "<group>";
		};
		66B9D2911A8D5FDF00CAC341 /* Supporting Files */ = {
			isa = PBXGroup;
			children = (
				66B9D2921A8D5FDF00CAC341 /* Info.plist */,
			);
			name = "Supporting Files";
			sourceTree = "<group>";
		};
/* End PBXGroup section */

/* Begin PBXNativeTarget section */
		66B9D2811A8D5FDE00CAC341 /* PerformanceBezier */ = {
			isa = PBXNativeTarget;
			buildConfigurationList = 66B9D2931A8D5FDF00CAC341 /* Build configuration list for PBXNativeTarget "PerformanceBezier" */;
			buildPhases = (
				66B9D27E1A8D5FDE00CAC341 /* Sources */,
				66B9D27F1A8D5FDE00CAC341 /* Frameworks */,
				66B9D2801A8D5FDE00CAC341 /* CopyFiles */,
			);
			buildRules = (
			);
			dependencies = (
			);
			name = PerformanceBezier;
			productName = PerformanceBezier;
			productReference = 66B9D2821A8D5FDE00CAC341 /* libPerformanceBezier.a */;
			productType = "com.apple.product-type.library.static";
		};
		66B9D28B1A8D5FDE00CAC341 /* PerformanceBezierTests */ = {
			isa = PBXNativeTarget;
			buildConfigurationList = 66B9D2961A8D5FDF00CAC341 /* Build configuration list for PBXNativeTarget "PerformanceBezierTests" */;
			buildPhases = (
				66B9D2881A8D5FDE00CAC341 /* Sources */,
				66B9D2891A8D5FDE00CAC341 /* Frameworks */,
				66B9D28A1A8D5FDE00CAC341 /* Resources */,
			);
			buildRules = (
			);
			dependencies = (
				66B9D28F1A8D5FDF00CAC341 /* PBXTargetDependency */,
			);
			name = PerformanceBezierTests;
			productName = PerformanceBezierTests;
			productReference = 66B9D28C1A8D5FDE00CAC341 /* PerformanceBezierTests.xctest */;
			productType = "com.apple.product-type.bundle.unit-test";
		};
/* End PBXNativeTarget section */

/* Begin PBXProject section */
		661B30C91A7EB43A008549C7 /* Project object */ = {
			isa = PBXProject;
			attributes = {
				LastUpgradeCheck = 0610;
				TargetAttributes = {
					66B9D2811A8D5FDE00CAC341 = {
						CreatedOnToolsVersion = 6.1.1;
					};
					66B9D28B1A8D5FDE00CAC341 = {
						CreatedOnToolsVersion = 6.1.1;
					};
				};
			};
			buildConfigurationList = 661B30CC1A7EB43A008549C7 /* Build configuration list for PBXProject "PerformanceBezier" */;
			compatibilityVersion = "Xcode 3.2";
			developmentRegion = English;
			hasScannedForEncodings = 0;
			knownRegions = (
				en,
			);
			mainGroup = 661B30C81A7EB43A008549C7;
			productRefGroup = 667617871A7EB50A00C0B447 /* Products */;
			projectDirPath = "";
			projectRoot = "";
			targets = (
				66B9D2811A8D5FDE00CAC341 /* PerformanceBezier */,
				66B9D28B1A8D5FDE00CAC341 /* PerformanceBezierTests */,
			);
		};
/* End PBXProject section */

/* Begin PBXResourcesBuildPhase section */
		66B9D28A1A8D5FDE00CAC341 /* Resources */ = {
			isa = PBXResourcesBuildPhase;
			buildActionMask = 2147483647;
			files = (
			);
			runOnlyForDeploymentPostprocessing = 0;
		};
/* End PBXResourcesBuildPhase section */

/* Begin PBXSourcesBuildPhase section */
		66B9D27E1A8D5FDE00CAC341 /* Sources */ = {
			isa = PBXSourcesBuildPhase;
			buildActionMask = 2147483647;
			files = (
				66B9D29C1A8D603900CAC341 /* JRSwizzle.m in Sources */,
				66B9D2A01A8D604000CAC341 /* UIBezierPath+Clockwise.m in Sources */,
				66B9D2A11A8D604500CAC341 /* UIBezierPath+Equals.m in Sources */,
				66B9D2A31A8D604900CAC341 /* UIBezierPath+NSOSX.m in Sources */,
				66B9D2A51A8D604C00CAC341 /* UIBezierPath+Uncached.m in Sources */,
				66B9D2A21A8D604700CAC341 /* UIBezierPath+Description.m in Sources */,
				66B9D2A41A8D604B00CAC341 /* UIBezierPath+Performance.m in Sources */,
				66B9D29F1A8D603E00CAC341 /* UIBezierPath+Center.m in Sources */,
				66B9D29D1A8D603B00CAC341 /* UIBezierPathProperties.m in Sources */,
				66B9D29E1A8D603C00CAC341 /* UIBezierPath+FirstLast.m in Sources */,
			);
			runOnlyForDeploymentPostprocessing = 0;
		};
		66B9D2881A8D5FDE00CAC341 /* Sources */ = {
			isa = PBXSourcesBuildPhase;
			buildActionMask = 2147483647;
			files = (
				66B9D2A61A8D609200CAC341 /* PerformanceBezierAbstractTest.m in Sources */,
				66B9D2A71A8D609300CAC341 /* PerformanceBezierClockwiseTests.m in Sources */,
				66B9D2A81A8D609300CAC341 /* PerformanceBezierDescriptionTests.m in Sources */,
			);
			runOnlyForDeploymentPostprocessing = 0;
		};
/* End PBXSourcesBuildPhase section */

/* Begin PBXTargetDependency section */
		66B9D28F1A8D5FDF00CAC341 /* PBXTargetDependency */ = {
			isa = PBXTargetDependency;
			target = 66B9D2811A8D5FDE00CAC341 /* PerformanceBezier */;
			targetProxy = 66B9D28E1A8D5FDF00CAC341 /* PBXContainerItemProxy */;
		};
/* End PBXTargetDependency section */

/* Begin XCBuildConfiguration section */
		661B30CD1A7EB43A008549C7 /* Debug */ = {
			isa = XCBuildConfiguration;
			buildSettings = {
				IPHONEOS_DEPLOYMENT_TARGET = 7.0;
				SDKROOT = iphoneos;
			};
			name = Debug;
		};
		661B30CE1A7EB43A008549C7 /* Release */ = {
			isa = XCBuildConfiguration;
			buildSettings = {
				IPHONEOS_DEPLOYMENT_TARGET = 7.0;
				SDKROOT = iphoneos;
			};
			name = Release;
		};
		66B9D2941A8D5FDF00CAC341 /* Debug */ = {
			isa = XCBuildConfiguration;
			buildSettings = {
				ALWAYS_SEARCH_USER_PATHS = NO;
				CLANG_CXX_LANGUAGE_STANDARD = "gnu++0x";
				CLANG_CXX_LIBRARY = "libc++";
				CLANG_ENABLE_MODULES = YES;
				CLANG_ENABLE_OBJC_ARC = YES;
				CLANG_WARN_BOOL_CONVERSION = YES;
				CLANG_WARN_CONSTANT_CONVERSION = YES;
				CLANG_WARN_DIRECT_OBJC_ISA_USAGE = YES_ERROR;
				CLANG_WARN_EMPTY_BODY = YES;
				CLANG_WARN_ENUM_CONVERSION = YES;
				CLANG_WARN_INT_CONVERSION = YES;
				CLANG_WARN_OBJC_ROOT_CLASS = YES_ERROR;
				CLANG_WARN_UNREACHABLE_CODE = YES;
				CLANG_WARN__DUPLICATE_METHOD_MATCH = YES;
				COPY_PHASE_STRIP = NO;
				ENABLE_STRICT_OBJC_MSGSEND = YES;
				GCC_C_LANGUAGE_STANDARD = gnu99;
				GCC_DYNAMIC_NO_PIC = NO;
				GCC_OPTIMIZATION_LEVEL = 0;
				GCC_PREPROCESSOR_DEFINITIONS = (
					"DEBUG=1",
					"$(inherited)",
				);
				GCC_SYMBOLS_PRIVATE_EXTERN = NO;
				GCC_WARN_64_TO_32_BIT_CONVERSION = YES;
				GCC_WARN_ABOUT_RETURN_TYPE = YES_ERROR;
				GCC_WARN_UNDECLARED_SELECTOR = YES;
				GCC_WARN_UNINITIALIZED_AUTOS = YES_AGGRESSIVE;
				GCC_WARN_UNUSED_FUNCTION = YES;
				GCC_WARN_UNUSED_VARIABLE = YES;
				IPHONEOS_DEPLOYMENT_TARGET = 8.1;
				MTL_ENABLE_DEBUG_INFO = YES;
				ONLY_ACTIVE_ARCH = YES;
				OTHER_LDFLAGS = "-ObjC";
				PRODUCT_NAME = "$(TARGET_NAME)";
				SKIP_INSTALL = YES;
			};
			name = Debug;
		};
		66B9D2951A8D5FDF00CAC341 /* Release */ = {
			isa = XCBuildConfiguration;
			buildSettings = {
				ALWAYS_SEARCH_USER_PATHS = NO;
				CLANG_CXX_LANGUAGE_STANDARD = "gnu++0x";
				CLANG_CXX_LIBRARY = "libc++";
				CLANG_ENABLE_MODULES = YES;
				CLANG_ENABLE_OBJC_ARC = YES;
				CLANG_WARN_BOOL_CONVERSION = YES;
				CLANG_WARN_CONSTANT_CONVERSION = YES;
				CLANG_WARN_DIRECT_OBJC_ISA_USAGE = YES_ERROR;
				CLANG_WARN_EMPTY_BODY = YES;
				CLANG_WARN_ENUM_CONVERSION = YES;
				CLANG_WARN_INT_CONVERSION = YES;
				CLANG_WARN_OBJC_ROOT_CLASS = YES_ERROR;
				CLANG_WARN_UNREACHABLE_CODE = YES;
				CLANG_WARN__DUPLICATE_METHOD_MATCH = YES;
				COPY_PHASE_STRIP = YES;
				ENABLE_NS_ASSERTIONS = NO;
				ENABLE_STRICT_OBJC_MSGSEND = YES;
				GCC_C_LANGUAGE_STANDARD = gnu99;
				GCC_WARN_64_TO_32_BIT_CONVERSION = YES;
				GCC_WARN_ABOUT_RETURN_TYPE = YES_ERROR;
				GCC_WARN_UNDECLARED_SELECTOR = YES;
				GCC_WARN_UNINITIALIZED_AUTOS = YES_AGGRESSIVE;
				GCC_WARN_UNUSED_FUNCTION = YES;
				GCC_WARN_UNUSED_VARIABLE = YES;
				IPHONEOS_DEPLOYMENT_TARGET = 8.1;
				MTL_ENABLE_DEBUG_INFO = NO;
				OTHER_LDFLAGS = "-ObjC";
				PRODUCT_NAME = "$(TARGET_NAME)";
				SKIP_INSTALL = YES;
				VALIDATE_PRODUCT = YES;
			};
			name = Release;
		};
		66B9D2971A8D5FDF00CAC341 /* Debug */ = {
			isa = XCBuildConfiguration;
			buildSettings = {
				ALWAYS_SEARCH_USER_PATHS = NO;
				CLANG_CXX_LANGUAGE_STANDARD = "gnu++0x";
				CLANG_CXX_LIBRARY = "libc++";
				CLANG_ENABLE_MODULES = YES;
				CLANG_ENABLE_OBJC_ARC = YES;
				CLANG_WARN_BOOL_CONVERSION = YES;
				CLANG_WARN_CONSTANT_CONVERSION = YES;
				CLANG_WARN_DIRECT_OBJC_ISA_USAGE = YES_ERROR;
				CLANG_WARN_EMPTY_BODY = YES;
				CLANG_WARN_ENUM_CONVERSION = YES;
				CLANG_WARN_INT_CONVERSION = YES;
				CLANG_WARN_OBJC_ROOT_CLASS = YES_ERROR;
				CLANG_WARN_UNREACHABLE_CODE = YES;
				CLANG_WARN__DUPLICATE_METHOD_MATCH = YES;
				COPY_PHASE_STRIP = NO;
				ENABLE_STRICT_OBJC_MSGSEND = YES;
				FRAMEWORK_SEARCH_PATHS = (
					"$(SDKROOT)/Developer/Library/Frameworks",
					"$(inherited)",
				);
				GCC_C_LANGUAGE_STANDARD = gnu99;
				GCC_DYNAMIC_NO_PIC = NO;
				GCC_OPTIMIZATION_LEVEL = 0;
				GCC_PREPROCESSOR_DEFINITIONS = (
					"DEBUG=1",
					"$(inherited)",
				);
				GCC_SYMBOLS_PRIVATE_EXTERN = NO;
				GCC_WARN_64_TO_32_BIT_CONVERSION = YES;
				GCC_WARN_ABOUT_RETURN_TYPE = YES_ERROR;
				GCC_WARN_UNDECLARED_SELECTOR = YES;
				GCC_WARN_UNINITIALIZED_AUTOS = YES_AGGRESSIVE;
				GCC_WARN_UNUSED_FUNCTION = YES;
				GCC_WARN_UNUSED_VARIABLE = YES;
				INFOPLIST_FILE = PerformanceBezierTests/Info.plist;
				IPHONEOS_DEPLOYMENT_TARGET = 8.1;
				LD_RUNPATH_SEARCH_PATHS = "$(inherited) @executable_path/Frameworks @loader_path/Frameworks";
				MTL_ENABLE_DEBUG_INFO = YES;
				ONLY_ACTIVE_ARCH = YES;
				OTHER_LDFLAGS = (
					"$(inherited)",
					"-framework",
					XCTest,
					"-ObjC++",
					"-lstdc++",
				);
				PRODUCT_NAME = "$(TARGET_NAME)";
			};
			name = Debug;
		};
		66B9D2981A8D5FDF00CAC341 /* Release */ = {
			isa = XCBuildConfiguration;
			buildSettings = {
				ALWAYS_SEARCH_USER_PATHS = NO;
				CLANG_CXX_LANGUAGE_STANDARD = "gnu++0x";
				CLANG_CXX_LIBRARY = "libc++";
				CLANG_ENABLE_MODULES = YES;
				CLANG_ENABLE_OBJC_ARC = YES;
				CLANG_WARN_BOOL_CONVERSION = YES;
				CLANG_WARN_CONSTANT_CONVERSION = YES;
				CLANG_WARN_DIRECT_OBJC_ISA_USAGE = YES_ERROR;
				CLANG_WARN_EMPTY_BODY = YES;
				CLANG_WARN_ENUM_CONVERSION = YES;
				CLANG_WARN_INT_CONVERSION = YES;
				CLANG_WARN_OBJC_ROOT_CLASS = YES_ERROR;
				CLANG_WARN_UNREACHABLE_CODE = YES;
				CLANG_WARN__DUPLICATE_METHOD_MATCH = YES;
				COPY_PHASE_STRIP = YES;
				ENABLE_NS_ASSERTIONS = NO;
				ENABLE_STRICT_OBJC_MSGSEND = YES;
				FRAMEWORK_SEARCH_PATHS = (
					"$(SDKROOT)/Developer/Library/Frameworks",
					"$(inherited)",
				);
				GCC_C_LANGUAGE_STANDARD = gnu99;
				GCC_WARN_64_TO_32_BIT_CONVERSION = YES;
				GCC_WARN_ABOUT_RETURN_TYPE = YES_ERROR;
				GCC_WARN_UNDECLARED_SELECTOR = YES;
				GCC_WARN_UNINITIALIZED_AUTOS = YES_AGGRESSIVE;
				GCC_WARN_UNUSED_FUNCTION = YES;
				GCC_WARN_UNUSED_VARIABLE = YES;
				INFOPLIST_FILE = PerformanceBezierTests/Info.plist;
				IPHONEOS_DEPLOYMENT_TARGET = 8.1;
				LD_RUNPATH_SEARCH_PATHS = "$(inherited) @executable_path/Frameworks @loader_path/Frameworks";
				MTL_ENABLE_DEBUG_INFO = NO;
				OTHER_LDFLAGS = (
					"$(inherited)",
					"-framework",
					XCTest,
					"-ObjC++",
					"-lstdc++",
				);
				PRODUCT_NAME = "$(TARGET_NAME)";
				VALIDATE_PRODUCT = YES;
			};
			name = Release;
		};
/* End XCBuildConfiguration section */

/* Begin XCConfigurationList section */
		661B30CC1A7EB43A008549C7 /* Build configuration list for PBXProject "PerformanceBezier" */ = {
			isa = XCConfigurationList;
			buildConfigurations = (
				661B30CD1A7EB43A008549C7 /* Debug */,
				661B30CE1A7EB43A008549C7 /* Release */,
			);
			defaultConfigurationIsVisible = 0;
			defaultConfigurationName = Release;
		};
		66B9D2931A8D5FDF00CAC341 /* Build configuration list for PBXNativeTarget "PerformanceBezier" */ = {
			isa = XCConfigurationList;
			buildConfigurations = (
				66B9D2941A8D5FDF00CAC341 /* Debug */,
				66B9D2951A8D5FDF00CAC341 /* Release */,
			);
			defaultConfigurationIsVisible = 0;
		};
		66B9D2961A8D5FDF00CAC341 /* Build configuration list for PBXNativeTarget "PerformanceBezierTests" */ = {
			isa = XCConfigurationList;
			buildConfigurations = (
				66B9D2971A8D5FDF00CAC341 /* Debug */,
				66B9D2981A8D5FDF00CAC341 /* Release */,
			);
			defaultConfigurationIsVisible = 0;
		};
/* End XCConfigurationList section */
	};
	rootObject = 661B30C91A7EB43A008549C7 /* Project object */;
}
